
Microsoft Visual Studio Solution File, Format Version 12.00
Project("{FAE04EC0-301F-11D3-BF4B-00C04F79EFBC}") = "OrleansPOC", "OrleansPOC.csproj", "{EA370764-643A-4092-A7A8-AFF571D52F78}"
EndProject
Project("{FAE04EC0-301F-11D3-BF4B-00C04F79EFBC}") = "Silo1", "..\Silo1\Silo1.csproj", "{53C58A52-C4F0-4D0A-95B1-427D42A0750C}"
EndProject
Project("{FAE04EC0-301F-11D3-BF4B-00C04F79EFBC}") = "Silo2", "..\Silo2\Silo2.csproj", "{EAC94816-FC45-4CD7-AA0D-B7EBA4FEE40E}"
EndProject
Project("{FAE04EC0-301F-11D3-BF4B-00C04F79EFBC}") = "Streams", "..\Streams\Streams\Streams.csproj", "{15D9D335-8F70-4157-AC46-20DB1898E283}"
EndProject
Global
	GlobalSection(SolutionConfigurationPlatforms) = preSolution
		Debug|Any CPU = Debug|Any CPU
		Release|Any CPU = Release|Any CPU
	EndGlobalSection
	GlobalSection(ProjectConfigurationPlatforms) = postSolution
		{EA370764-643A-4092-A7A8-AFF571D52F78}.Debug|Any CPU.ActiveCfg = Debug|Any CPU
		{EA370764-643A-4092-A7A8-AFF571D52F78}.Debug|Any CPU.Build.0 = Debug|Any CPU
		{EA370764-643A-4092-A7A8-AFF571D52F78}.Release|Any CPU.ActiveCfg = Release|Any CPU
		{EA370764-643A-4092-A7A8-AFF571D52F78}.Release|Any CPU.Build.0 = Release|Any CPU
		{53C58A52-C4F0-4D0A-95B1-427D42A0750C}.Debug|Any CPU.ActiveCfg = Debug|Any CPU
		{53C58A52-C4F0-4D0A-95B1-427D42A0750C}.Debug|Any CPU.Build.0 = Debug|Any CPU
		{53C58A52-C4F0-4D0A-95B1-427D42A0750C}.Release|Any CPU.ActiveCfg = Release|Any CPU
		{53C58A52-C4F0-4D0A-95B1-427D42A0750C}.Release|Any CPU.Build.0 = Release|Any CPU
		{EAC94816-FC45-4CD7-AA0D-B7EBA4FEE40E}.Debug|Any CPU.ActiveCfg = Debug|Any CPU
		{EAC94816-FC45-4CD7-AA0D-B7EBA4FEE40E}.Debug|Any CPU.Build.0 = Debug|Any CPU
		{EAC94816-FC45-4CD7-AA0D-B7EBA4FEE40E}.Release|Any CPU.ActiveCfg = Release|Any CPU
		{EAC94816-FC45-4CD7-AA0D-B7EBA4FEE40E}.Release|Any CPU.Build.0 = Release|Any CPU
		{C3F1FFB2-ACC2-494A-A4ED-9FE85297E180}.Debug|Any CPU.ActiveCfg = Debug|Any CPU
		{C3F1FFB2-ACC2-494A-A4ED-9FE85297E180}.Debug|Any CPU.Build.0 = Debug|Any CPU
		{C3F1FFB2-ACC2-494A-A4ED-9FE85297E180}.Release|Any CPU.ActiveCfg = Release|Any CPU
		{C3F1FFB2-ACC2-494A-A4ED-9FE85297E180}.Release|Any CPU.Build.0 = Release|Any CPU
		{15D9D335-8F70-4157-AC46-20DB1898E283}.Debug|Any CPU.ActiveCfg = Debug|Any CPU
		{15D9D335-8F70-4157-AC46-20DB1898E283}.Debug|Any CPU.Build.0 = Debug|Any CPU
		{15D9D335-8F70-4157-AC46-20DB1898E283}.Release|Any CPU.ActiveCfg = Release|Any CPU
		{15D9D335-8F70-4157-AC46-20DB1898E283}.Release|Any CPU.Build.0 = Release|Any CPU
	EndGlobalSection
EndGlobal
